
Microsoft Visual Studio Solution File, Format Version 12.00
# Visual Studio Version 17
VisualStudioVersion = 17.13.35825.156 d17.13
MinimumVisualStudioVersion = 10.0.40219.1
Project("{FAE04EC0-301F-11D3-BF4B-00C04F79EFBC}") = "Fawry_Task", "Fawry_Task\Fawry_Task.csproj", "{519D265A-B458-40C6-9D60-4CEB412CD9B9}"
EndProject
Global
	GlobalSection(SolutionConfigurationPlatforms) = preSolution
		Debug|Any CPU = Debug|Any CPU
		Release|Any CPU = Release|Any CPU
	EndGlobalSection
	GlobalSection(ProjectConfigurationPlatforms) = postSolution
		{519D265A-B458-40C6-9D60-4CEB412CD9B9}.Debug|Any CPU.ActiveCfg = Debug|Any CPU
		{519D265A-B458-40C6-9D60-4CEB412CD9B9}.Debug|Any CPU.Build.0 = Debug|Any CPU
		{519D265A-B458-40C6-9D60-4CEB412CD9B9}.Release|Any CPU.ActiveCfg = Release|Any CPU
		{519D265A-B458-40C6-9D60-4CEB412CD9B9}.Release|Any CPU.Build.0 = Release|Any CPU
	EndGlobalSection
	GlobalSection(SolutionProperties) = preSolution
		HideSolutionNode = FALSE
	EndGlobalSection
	GlobalSection(ExtensibilityGlobals) = postSolution
		SolutionGuid = {88880D66-6FE1-4848-87D3-8E8BC91BA37E}
	EndGlobalSection
EndGlobal
